PODS:
  - AFNetworking (2.7.0):
    - AFNetworking/NSURLConnection (= 2.7.0)
    - AFNetworking/NSURLSession (= 2.7.0)
    - AFNetworking/Reachability (= 2.7.0)
    - AFNetworking/Security (= 2.7.0)
    - AFNetworking/Serialization (= 2.7.0)
    - AFNetworking/UIKit (= 2.7.0)
  - AFNetworking/NSURLConnection (2.7.0):
    - AFNetworking/Reachability
    - AFNetworking/Security
    - AFNetworking/Serialization
  - AFNetworking/NSURLSession (2.7.0):
    - AFNetworking/Reachability
    - AFNetworking/Security
    - AFNetworking/Serialization
  - AFNetworking/Reachability (2.7.0)
  - AFNetworking/Security (2.7.0)
  - AFNetworking/Serialization (2.7.0)
  - AFNetworking/UIKit (2.7.0):
    - AFNetworking/NSURLConnection
    - AFNetworking/NSURLSession
  - Alamofire (5.4.4)
  - FLKAutoLayout (0.2.1)
  - Highcharts (9.3.1)
  - ORStackView (3.0.1):
    - FLKAutoLayout (~> 0.2)
  - SwiftSpinner (2.1.0)
  - SwiftyJSON (4.3.0)
  - Toast-Swift (5.0.1)

DEPENDENCIES:
  - AFNetworking (~> 2.6)
  - Alamofire (~> 5.4)
  - Highcharts (~> 9.3.1)
  - ORStackView (~> 3.0)
  - SwiftSpinner
  - SwiftyJSON (~> 4.0)
  - Toast-Swift (~> 5.0.1)

SPEC REPOS:
  trunk:
    - AFNetworking
    - Alamofire
    - FLKAutoLayout
    - Highcharts
    - ORStackView
    - SwiftSpinner
    - SwiftyJSON
    - Toast-Swift

SPEC CHECKSUMS:
  AFNetworking: 8dd5f9b9691e09186393069a12cc3b5ed7c8b511
  Alamofire: f3b09a368f1582ab751b3fff5460276e0d2cf5c9
  FLKAutoLayout: 9db6b30c2008d230da608e62c607b11c23b942e6
  Highcharts: 87d3340899ed210cd6d1904ff57c7f5d4bdb65a2
  ORStackView: a1bb52748cd0ae29891c140baf22ff8972fb363c
  SwiftSpinner: 0f15c006307f8d8bbac075638927ec1361b565d7
  SwiftyJSON: 6faa0040f8b59dead0ee07436cbf76b73c08fd08
  Toast-Swift: 9b6a70f28b3bf0b96c40d46c0c4b9d6639846711

PODFILE CHECKSUM: f9c3ae17bd087f66e23bfe8b43464c700271d524

COCOAPODS: 1.11.2
